
Microsoft Visual Studio Solution File, Format Version 12.00
# Visual Studio Version 17
VisualStudioVersion = 17.9.34607.119
MinimumVisualStudioVersion = 10.0.40219.1
Project("{9A19103F-16F7-4668-BE54-9A1E7A4F7556}") = "Car_Sharing", "Car_Sharing.csproj", "{E7BE6C7C-9F40-4EBE-B09C-AFBD6BB5839A}"
EndProject
Project("{FAE04EC0-301F-11D3-BF4B-00C04F79EFBC}") = "Car_Sharing_Tests", "..\Car_Sharing_Tests\Car_Sharing_Tests.csproj", "{34AA2E83-1885-4E41-85A8-48BE6743717A}"
EndProject
Global
	GlobalSection(SolutionConfigurationPlatforms) = preSolution
		Debug|Any CPU = Debug|Any CPU
		Release|Any CPU = Release|Any CPU
	EndGlobalSection
	GlobalSection(ProjectConfigurationPlatforms) = postSolution
		{E7BE6C7C-9F40-4EBE-B09C-AFBD6BB5839A}.Debug|Any CPU.ActiveCfg = Debug|Any CPU
		{E7BE6C7C-9F40-4EBE-B09C-AFBD6BB5839A}.Debug|Any CPU.Build.0 = Debug|Any CPU
		{E7BE6C7C-9F40-4EBE-B09C-AFBD6BB5839A}.Release|Any CPU.ActiveCfg = Release|Any CPU
		{E7BE6C7C-9F40-4EBE-B09C-AFBD6BB5839A}.Release|Any CPU.Build.0 = Release|Any CPU
		{34AA2E83-1885-4E41-85A8-48BE6743717A}.Debug|Any CPU.ActiveCfg = Debug|Any CPU
		{34AA2E83-1885-4E41-85A8-48BE6743717A}.Debug|Any CPU.Build.0 = Debug|Any CPU
		{34AA2E83-1885-4E41-85A8-48BE6743717A}.Release|Any CPU.ActiveCfg = Release|Any CPU
		{34AA2E83-1885-4E41-85A8-48BE6743717A}.Release|Any CPU.Build.0 = Release|Any CPU
	EndGlobalSection
	GlobalSection(SolutionProperties) = preSolution
		HideSolutionNode = FALSE
	EndGlobalSection
	GlobalSection(ExtensibilityGlobals) = postSolution
		SolutionGuid = {26D9B7D9-1065-45BD-B3B6-A894678369DF}
	EndGlobalSection
EndGlobal
